// !$*UTF8*$!
{
	archiveVersion = 1;
	classes = {
	};
	objectVersion = 50;
	objects = {

/* Begin PBXBuildFile section */
		3E8C2EE3260465C10046844E /* ProgressCircleView.swift in Sources */ = {isa = PBXBuildFile; fileRef = 3E8C2EE2260465C10046844E /* ProgressCircleView.swift */; };
		3E91C2432601437000EE3E2D /* Color+Extension.swift in Sources */ = {isa = PBXBuildFile; fileRef = 3E91C2422601437000EE3E2D /* Color+Extension.swift */; };
		ED1881312603B5EE0011DE3B /* HoneycombPolygon.swift in Sources */ = {isa = PBXBuildFile; fileRef = ED1881302603B5EE0011DE3B /* HoneycombPolygon.swift */; };
		ED1881392603C1940011DE3B /* HoneycombPolygon+Extension.swift in Sources */ = {isa = PBXBuildFile; fileRef = ED1881382603C1940011DE3B /* HoneycombPolygon+Extension.swift */; };
		ED18814A2603DA990011DE3B /* Honeycomb.swift in Sources */ = {isa = PBXBuildFile; fileRef = ED1881492603DA990011DE3B /* Honeycomb.swift */; };
		ED18814F2603DB1C0011DE3B /* BombusTimerTextModifier.swift in Sources */ = {isa = PBXBuildFile; fileRef = ED18814E2603DB1C0011DE3B /* BombusTimerTextModifier.swift */; };
		EDBD161A25F952F000F1C262 /* StorageProvider.swift in Sources */ = {isa = PBXBuildFile; fileRef = EDBD161925F952F000F1C262 /* StorageProvider.swift */; };
		EDBD165825F95C9E00F1C262 /* Bombus.xcdatamodeld in Sources */ = {isa = PBXBuildFile; fileRef = EDD28FEA25F2E7BC00917B50 /* Bombus.xcdatamodeld */; };
		EDBD165F25F95CAA00F1C262 /* SessionView.swift in Sources */ = {isa = PBXBuildFile; fileRef = EDBD162F25F9554800F1C262 /* SessionView.swift */; };
		EDBD166425F961D800F1C262 /* SessionView+Model.swift in Sources */ = {isa = PBXBuildFile; fileRef = EDBD166325F961D800F1C262 /* SessionView+Model.swift */; };
		EDBD166925F9622600F1C262 /* SessionTimer.swift in Sources */ = {isa = PBXBuildFile; fileRef = EDBD166825F9622600F1C262 /* SessionTimer.swift */; };
		EDD28FE025F2E7BB00917B50 /* BombusApp.swift in Sources */ = {isa = PBXBuildFile; fileRef = EDD28FDF25F2E7BB00917B50 /* BombusApp.swift */; };
		EDD28FE425F2E7BC00917B50 /* Assets.xcassets in Resources */ = {isa = PBXBuildFile; fileRef = EDD28FE325F2E7BC00917B50 /* Assets.xcassets */; };
		EDD28FE725F2E7BC00917B50 /* Preview Assets.xcassets in Resources */ = {isa = PBXBuildFile; fileRef = EDD28FE625F2E7BC00917B50 /* Preview Assets.xcassets */; };
		EDD28FF725F2E7BC00917B50 /* BombusTests.swift in Sources */ = {isa = PBXBuildFile; fileRef = EDD28FF625F2E7BC00917B50 /* BombusTests.swift */; };
		EDD2900225F2E7BD00917B50 /* BombusUITests.swift in Sources */ = {isa = PBXBuildFile; fileRef = EDD2900125F2E7BD00917B50 /* BombusUITests.swift */; };
		EDF66E50260137CD00D6F42D /* BombusPrimaryButtonStyle+Modifier.swift in Sources */ = {isa = PBXBuildFile; fileRef = EDF66E4F260137CD00D6F42D /* BombusPrimaryButtonStyle+Modifier.swift */; };
		EDF66E702601560900D6F42D /* BombusTabView.swift in Sources */ = {isa = PBXBuildFile; fileRef = EDF66E61260145C000D6F42D /* BombusTabView.swift */; };
/* End PBXBuildFile section */

/* Begin PBXContainerItemProxy section */
		EDD28FF325F2E7BC00917B50 /* PBXContainerItemProxy */ = {
			isa = PBXContainerItemProxy;
			containerPortal = EDD28FD425F2E7BB00917B50 /* Project object */;
			proxyType = 1;
			remoteGlobalIDString = EDD28FDB25F2E7BB00917B50;
			remoteInfo = Bombus;
		};
		EDD28FFE25F2E7BD00917B50 /* PBXContainerItemProxy */ = {
			isa = PBXContainerItemProxy;
			containerPortal = EDD28FD425F2E7BB00917B50 /* Project object */;
			proxyType = 1;
			remoteGlobalIDString = EDD28FDB25F2E7BB00917B50;
			remoteInfo = Bombus;
		};
/* End PBXContainerItemProxy section */

/* Begin PBXFileReference section */
		3E8C2EE2260465C10046844E /* ProgressCircleView.swift */ = {isa = PBXFileReference; lastKnownFileType = sourcecode.swift; path = ProgressCircleView.swift; sourceTree = "<group>"; };
		3E91C2422601437000EE3E2D /* Color+Extension.swift */ = {isa = PBXFileReference; lastKnownFileType = sourcecode.swift; path = "Color+Extension.swift"; sourceTree = "<group>"; };
		ED1881302603B5EE0011DE3B /* HoneycombPolygon.swift */ = {isa = PBXFileReference; lastKnownFileType = sourcecode.swift; path = HoneycombPolygon.swift; sourceTree = "<group>"; };
		ED1881382603C1940011DE3B /* HoneycombPolygon+Extension.swift */ = {isa = PBXFileReference; lastKnownFileType = sourcecode.swift; path = "HoneycombPolygon+Extension.swift"; sourceTree = "<group>"; };
		ED1881492603DA990011DE3B /* Honeycomb.swift */ = {isa = PBXFileReference; lastKnownFileType = sourcecode.swift; path = Honeycomb.swift; sourceTree = "<group>"; };
		ED18814E2603DB1C0011DE3B /* BombusTimerTextModifier.swift */ = {isa = PBXFileReference; lastKnownFileType = sourcecode.swift; path = BombusTimerTextModifier.swift; sourceTree = "<group>"; };
		EDBD161925F952F000F1C262 /* StorageProvider.swift */ = {isa = PBXFileReference; lastKnownFileType = sourcecode.swift; path = StorageProvider.swift; sourceTree = "<group>"; };
		EDBD162F25F9554800F1C262 /* SessionView.swift */ = {isa = PBXFileReference; lastKnownFileType = sourcecode.swift; path = SessionView.swift; sourceTree = "<group>"; };
		EDBD166325F961D800F1C262 /* SessionView+Model.swift */ = {isa = PBXFileReference; lastKnownFileType = sourcecode.swift; path = "SessionView+Model.swift"; sourceTree = "<group>"; };
		EDBD166825F9622600F1C262 /* SessionTimer.swift */ = {isa = PBXFileReference; lastKnownFileType = sourcecode.swift; path = SessionTimer.swift; sourceTree = "<group>"; };
		EDD28FDC25F2E7BB00917B50 /* Bombus.app */ = {isa = PBXFileReference; explicitFileType = wrapper.application; includeInIndex = 0; path = Bombus.app; sourceTree = BUILT_PRODUCTS_DIR; };
		EDD28FDF25F2E7BB00917B50 /* BombusApp.swift */ = {isa = PBXFileReference; lastKnownFileType = sourcecode.swift; path = BombusApp.swift; sourceTree = "<group>"; };
		EDD28FE325F2E7BC00917B50 /* Assets.xcassets */ = {isa = PBXFileReference; lastKnownFileType = folder.assetcatalog; path = Assets.xcassets; sourceTree = "<group>"; };
		EDD28FE625F2E7BC00917B50 /* Preview Assets.xcassets */ = {isa = PBXFileReference; lastKnownFileType = folder.assetcatalog; path = "Preview Assets.xcassets"; sourceTree = "<group>"; };
		EDD28FEB25F2E7BC00917B50 /* Bombus.xcdatamodel */ = {isa = PBXFileReference; lastKnownFileType = wrapper.xcdatamodel; path = Bombus.xcdatamodel; sourceTree = "<group>"; };
		EDD28FED25F2E7BC00917B50 /* Info.plist */ = {isa = PBXFileReference; lastKnownFileType = text.plist.xml; path = Info.plist; sourceTree = "<group>"; };
		EDD28FF225F2E7BC00917B50 /* BombusTests.xctest */ = {isa = PBXFileReference; explicitFileType = wrapper.cfbundle; includeInIndex = 0; path = BombusTests.xctest; sourceTree = BUILT_PRODUCTS_DIR; };
		EDD28FF625F2E7BC00917B50 /* BombusTests.swift */ = {isa = PBXFileReference; lastKnownFileType = sourcecode.swift; path = BombusTests.swift; sourceTree = "<group>"; };
		EDD28FF825F2E7BC00917B50 /* Info.plist */ = {isa = PBXFileReference; lastKnownFileType = text.plist.xml; path = Info.plist; sourceTree = "<group>"; };
		EDD28FFD25F2E7BD00917B50 /* BombusUITests.xctest */ = {isa = PBXFileReference; explicitFileType = wrapper.cfbundle; includeInIndex = 0; path = BombusUITests.xctest; sourceTree = BUILT_PRODUCTS_DIR; };
		EDD2900125F2E7BD00917B50 /* BombusUITests.swift */ = {isa = PBXFileReference; lastKnownFileType = sourcecode.swift; path = BombusUITests.swift; sourceTree = "<group>"; };
		EDD2900325F2E7BD00917B50 /* Info.plist */ = {isa = PBXFileReference; lastKnownFileType = text.plist.xml; path = Info.plist; sourceTree = "<group>"; };
		EDF66E4F260137CD00D6F42D /* BombusPrimaryButtonStyle+Modifier.swift */ = {isa = PBXFileReference; lastKnownFileType = sourcecode.swift; path = "BombusPrimaryButtonStyle+Modifier.swift"; sourceTree = "<group>"; };
		EDF66E61260145C000D6F42D /* BombusTabView.swift */ = {isa = PBXFileReference; lastKnownFileType = sourcecode.swift; path = BombusTabView.swift; sourceTree = "<group>"; };
/* End PBXFileReference section */

/* Begin PBXFrameworksBuildPhase section */
		EDD28FD925F2E7BB00917B50 /* Frameworks */ = {
			isa = PBXFrameworksBuildPhase;
			buildActionMask = 2147483647;
			files = (
			);
			runOnlyForDeploymentPostprocessing = 0;
		};
		EDD28FEF25F2E7BC00917B50 /* Frameworks */ = {
			isa = PBXFrameworksBuildPhase;
			buildActionMask = 2147483647;
			files = (
			);
			runOnlyForDeploymentPostprocessing = 0;
		};
		EDD28FFA25F2E7BD00917B50 /* Frameworks */ = {
			isa = PBXFrameworksBuildPhase;
			buildActionMask = 2147483647;
			files = (
			);
			runOnlyForDeploymentPostprocessing = 0;
		};
/* End PBXFrameworksBuildPhase section */

/* Begin PBXGroup section */
		ED18812F2603B5DD0011DE3B /* Honeycomb */ = {
			isa = PBXGroup;
			children = (
				ED1881302603B5EE0011DE3B /* HoneycombPolygon.swift */,
				ED1881382603C1940011DE3B /* HoneycombPolygon+Extension.swift */,
				ED1881492603DA990011DE3B /* Honeycomb.swift */,
			);
			path = Honeycomb;
			sourceTree = "<group>";
		};
		EDBD161825F952C700F1C262 /* Core Data */ = {
			isa = PBXGroup;
			children = (
				EDBD161925F952F000F1C262 /* StorageProvider.swift */,
			);
			path = "Core Data";
			sourceTree = "<group>";
		};
		EDBD164625F95BD400F1C262 /* View */ = {
			isa = PBXGroup;
			children = (
				3E8C2EE2260465C10046844E /* ProgressCircleView.swift */,
				ED18812F2603B5DD0011DE3B /* Honeycomb */,
				EDF66E61260145C000D6F42D /* BombusTabView.swift */,
				EDF66E5A26013D9700D6F42D /* SessionView */,
				EDF66E4D2601379600D6F42D /* Extensions */,
			);
			path = View;
			sourceTree = "<group>";
		};
		EDBD164725F95BDB00F1C262 /* ViewModel */ = {
			isa = PBXGroup;
			children = (
				EDBD166325F961D800F1C262 /* SessionView+Model.swift */,
			);
			path = ViewModel;
			sourceTree = "<group>";
		};
		EDD28FD325F2E7BB00917B50 = {
			isa = PBXGroup;
			children = (
				EDD28FEA25F2E7BC00917B50 /* Bombus.xcdatamodeld */,
				EDD28FDE25F2E7BB00917B50 /* Bombus */,
				EDD28FF525F2E7BC00917B50 /* BombusTests */,
				EDD2900025F2E7BD00917B50 /* BombusUITests */,
				EDD28FDD25F2E7BB00917B50 /* Products */,
			);
			sourceTree = "<group>";
		};
		EDD28FDD25F2E7BB00917B50 /* Products */ = {
			isa = PBXGroup;
			children = (
				EDD28FDC25F2E7BB00917B50 /* Bombus.app */,
				EDD28FF225F2E7BC00917B50 /* BombusTests.xctest */,
				EDD28FFD25F2E7BD00917B50 /* BombusUITests.xctest */,
			);
			name = Products;
			sourceTree = "<group>";
		};
		EDD28FDE25F2E7BB00917B50 /* Bombus */ = {
			isa = PBXGroup;
			children = (
				EDBD164725F95BDB00F1C262 /* ViewModel */,
				EDBD164625F95BD400F1C262 /* View */,
				EDD2901525F2E8A800917B50 /* Model */,
				EDD28FDF25F2E7BB00917B50 /* BombusApp.swift */,
				EDD28FE325F2E7BC00917B50 /* Assets.xcassets */,
				EDD28FED25F2E7BC00917B50 /* Info.plist */,
				EDD28FE525F2E7BC00917B50 /* Preview Content */,
			);
			path = Bombus;
			sourceTree = "<group>";
		};
		EDD28FE525F2E7BC00917B50 /* Preview Content */ = {
			isa = PBXGroup;
			children = (
				EDD28FE625F2E7BC00917B50 /* Preview Assets.xcassets */,
			);
			path = "Preview Content";
			sourceTree = "<group>";
		};
		EDD28FF525F2E7BC00917B50 /* BombusTests */ = {
			isa = PBXGroup;
			children = (
				EDD28FF625F2E7BC00917B50 /* BombusTests.swift */,
				EDD28FF825F2E7BC00917B50 /* Info.plist */,
			);
			path = BombusTests;
			sourceTree = "<group>";
		};
		EDD2900025F2E7BD00917B50 /* BombusUITests */ = {
			isa = PBXGroup;
			children = (
				EDD2900125F2E7BD00917B50 /* BombusUITests.swift */,
				EDD2900325F2E7BD00917B50 /* Info.plist */,
			);
			path = BombusUITests;
			sourceTree = "<group>";
		};
		EDD2901525F2E8A800917B50 /* Model */ = {
			isa = PBXGroup;
			children = (
				EDBD161825F952C700F1C262 /* Core Data */,
				EDBD166825F9622600F1C262 /* SessionTimer.swift */,
			);
			path = Model;
			sourceTree = "<group>";
		};
		EDF66E4D2601379600D6F42D /* Extensions */ = {
			isa = PBXGroup;
			children = (
				EDF66E4E260137A500D6F42D /* Modifiers */,
				3E91C2422601437000EE3E2D /* Color+Extension.swift */,
			);
			path = Extensions;
			sourceTree = "<group>";
		};
		EDF66E4E260137A500D6F42D /* Modifiers */ = {
			isa = PBXGroup;
			children = (
				EDF66E4F260137CD00D6F42D /* BombusPrimaryButtonStyle+Modifier.swift */,
				ED18814E2603DB1C0011DE3B /* BombusTimerTextModifier.swift */,
			);
			path = Modifiers;
			sourceTree = "<group>";
		};
		EDF66E5A26013D9700D6F42D /* SessionView */ = {
			isa = PBXGroup;
			children = (
				EDBD162F25F9554800F1C262 /* SessionView.swift */,
			);
			path = SessionView;
			sourceTree = "<group>";
		};
/* End PBXGroup section */

/* Begin PBXNativeTarget section */
		EDD28FDB25F2E7BB00917B50 /* Bombus */ = {
			isa = PBXNativeTarget;
			buildConfigurationList = EDD2900625F2E7BD00917B50 /* Build configuration list for PBXNativeTarget "Bombus" */;
			buildPhases = (
				EDD28FD825F2E7BB00917B50 /* Sources */,
				EDD28FD925F2E7BB00917B50 /* Frameworks */,
				EDD28FDA25F2E7BB00917B50 /* Resources */,
			);
			buildRules = (
			);
			dependencies = (
			);
			name = Bombus;
			productName = Bombus;
			productReference = EDD28FDC25F2E7BB00917B50 /* Bombus.app */;
			productType = "com.apple.product-type.application";
		};
		EDD28FF125F2E7BC00917B50 /* BombusTests */ = {
			isa = PBXNativeTarget;
			buildConfigurationList = EDD2900925F2E7BD00917B50 /* Build configuration list for PBXNativeTarget "BombusTests" */;
			buildPhases = (
				EDD28FEE25F2E7BC00917B50 /* Sources */,
				EDD28FEF25F2E7BC00917B50 /* Frameworks */,
				EDD28FF025F2E7BC00917B50 /* Resources */,
			);
			buildRules = (
			);
			dependencies = (
				EDD28FF425F2E7BC00917B50 /* PBXTargetDependency */,
			);
			name = BombusTests;
			productName = BombusTests;
			productReference = EDD28FF225F2E7BC00917B50 /* BombusTests.xctest */;
			productType = "com.apple.product-type.bundle.unit-test";
		};
		EDD28FFC25F2E7BD00917B50 /* BombusUITests */ = {
			isa = PBXNativeTarget;
			buildConfigurationList = EDD2900C25F2E7BD00917B50 /* Build configuration list for PBXNativeTarget "BombusUITests" */;
			buildPhases = (
				EDD28FF925F2E7BD00917B50 /* Sources */,
				EDD28FFA25F2E7BD00917B50 /* Frameworks */,
				EDD28FFB25F2E7BD00917B50 /* Resources */,
			);
			buildRules = (
			);
			dependencies = (
				EDD28FFF25F2E7BD00917B50 /* PBXTargetDependency */,
			);
			name = BombusUITests;
			productName = BombusUITests;
			productReference = EDD28FFD25F2E7BD00917B50 /* BombusUITests.xctest */;
			productType = "com.apple.product-type.bundle.ui-testing";
		};
/* End PBXNativeTarget section */

/* Begin PBXProject section */
		EDD28FD425F2E7BB00917B50 /* Project object */ = {
			isa = PBXProject;
			attributes = {
				LastSwiftUpdateCheck = 1240;
				LastUpgradeCheck = 1240;
				TargetAttributes = {
					EDD28FDB25F2E7BB00917B50 = {
						CreatedOnToolsVersion = 12.4;
					};
					EDD28FF125F2E7BC00917B50 = {
						CreatedOnToolsVersion = 12.4;
						TestTargetID = EDD28FDB25F2E7BB00917B50;
					};
					EDD28FFC25F2E7BD00917B50 = {
						CreatedOnToolsVersion = 12.4;
						TestTargetID = EDD28FDB25F2E7BB00917B50;
					};
				};
			};
			buildConfigurationList = EDD28FD725F2E7BB00917B50 /* Build configuration list for PBXProject "Bombus" */;
			compatibilityVersion = "Xcode 9.3";
			developmentRegion = en;
			hasScannedForEncodings = 0;
			knownRegions = (
				en,
				Base,
			);
			mainGroup = EDD28FD325F2E7BB00917B50;
			productRefGroup = EDD28FDD25F2E7BB00917B50 /* Products */;
			projectDirPath = "";
			projectRoot = "";
			targets = (
				EDD28FDB25F2E7BB00917B50 /* Bombus */,
				EDD28FF125F2E7BC00917B50 /* BombusTests */,
				EDD28FFC25F2E7BD00917B50 /* BombusUITests */,
			);
		};
/* End PBXProject section */

/* Begin PBXResourcesBuildPhase section */
		EDD28FDA25F2E7BB00917B50 /* Resources */ = {
			isa = PBXResourcesBuildPhase;
			buildActionMask = 2147483647;
			files = (
				EDD28FE725F2E7BC00917B50 /* Preview Assets.xcassets in Resources */,
				EDD28FE425F2E7BC00917B50 /* Assets.xcassets in Resources */,
			);
			runOnlyForDeploymentPostprocessing = 0;
		};
		EDD28FF025F2E7BC00917B50 /* Resources */ = {
			isa = PBXResourcesBuildPhase;
			buildActionMask = 2147483647;
			files = (
			);
			runOnlyForDeploymentPostprocessing = 0;
		};
		EDD28FFB25F2E7BD00917B50 /* Resources */ = {
			isa = PBXResourcesBuildPhase;
			buildActionMask = 2147483647;
			files = (
			);
			runOnlyForDeploymentPostprocessing = 0;
		};
/* End PBXResourcesBuildPhase section */

/* Begin PBXSourcesBuildPhase section */
		EDD28FD825F2E7BB00917B50 /* Sources */ = {
			isa = PBXSourcesBuildPhase;
			buildActionMask = 2147483647;
			files = (
				EDF66E702601560900D6F42D /* BombusTabView.swift in Sources */,
				EDD28FE025F2E7BB00917B50 /* BombusApp.swift in Sources */,
				ED18814A2603DA990011DE3B /* Honeycomb.swift in Sources */,
				ED1881312603B5EE0011DE3B /* HoneycombPolygon.swift in Sources */,
				EDBD161A25F952F000F1C262 /* StorageProvider.swift in Sources */,
				EDBD165825F95C9E00F1C262 /* Bombus.xcdatamodeld in Sources */,
				ED18814F2603DB1C0011DE3B /* BombusTimerTextModifier.swift in Sources */,
				EDBD165F25F95CAA00F1C262 /* SessionView.swift in Sources */,
				ED1881392603C1940011DE3B /* HoneycombPolygon+Extension.swift in Sources */,
				3E8C2EE3260465C10046844E /* ProgressCircleView.swift in Sources */,
				EDBD166925F9622600F1C262 /* SessionTimer.swift in Sources */,
				EDBD166425F961D800F1C262 /* SessionView+Model.swift in Sources */,
				EDF66E50260137CD00D6F42D /* BombusPrimaryButtonStyle+Modifier.swift in Sources */,
				3E91C2432601437000EE3E2D /* Color+Extension.swift in Sources */,
			);
			runOnlyForDeploymentPostprocessing = 0;
		};
		EDD28FEE25F2E7BC00917B50 /* Sources */ = {
			isa = PBXSourcesBuildPhase;
			buildActionMask = 2147483647;
			files = (
				EDD28FF725F2E7BC00917B50 /* BombusTests.swift in Sources */,
			);
			runOnlyForDeploymentPostprocessing = 0;
		};
		EDD28FF925F2E7BD00917B50 /* Sources */ = {
			isa = PBXSourcesBuildPhase;
			buildActionMask = 2147483647;
			files = (
				EDD2900225F2E7BD00917B50 /* BombusUITests.swift in Sources */,
			);
			runOnlyForDeploymentPostprocessing = 0;
		};
/* End PBXSourcesBuildPhase section */

/* Begin PBXTargetDependency section */
		EDD28FF425F2E7BC00917B50 /* PBXTargetDependency */ = {
			isa = PBXTargetDependency;
			target = EDD28FDB25F2E7BB00917B50 /* Bombus */;
			targetProxy = EDD28FF325F2E7BC00917B50 /* PBXContainerItemProxy */;
		};
		EDD28FFF25F2E7BD00917B50 /* PBXTargetDependency */ = {
			isa = PBXTargetDependency;
			target = EDD28FDB25F2E7BB00917B50 /* Bombus */;
			targetProxy = EDD28FFE25F2E7BD00917B50 /* PBXContainerItemProxy */;
		};
/* End PBXTargetDependency section */

/* Begin XCBuildConfiguration section */
		EDD2900425F2E7BD00917B50 /* Debug */ = {
			isa = XCBuildConfiguration;
			buildSettings = {
				ALWAYS_SEARCH_USER_PATHS = NO;
				CLANG_ANALYZER_NONNULL = YES;
				CLANG_ANALYZER_NUMBER_OBJECT_CONVERSION = YES_AGGRESSIVE;
				CLANG_CXX_LANGUAGE_STANDARD = "gnu++14";
				CLANG_CXX_LIBRARY = "libc++";
				CLANG_ENABLE_MODULES = YES;
				CLANG_ENABLE_OBJC_ARC = YES;
				CLANG_ENABLE_OBJC_WEAK = YES;
				CLANG_WARN_BLOCK_CAPTURE_AUTORELEASING = YES;
				CLANG_WARN_BOOL_CONVERSION = YES;
				CLANG_WARN_COMMA = YES;
				CLANG_WARN_CONSTANT_CONVERSION = YES;
				CLANG_WARN_DEPRECATED_OBJC_IMPLEMENTATIONS = YES;
				CLANG_WARN_DIRECT_OBJC_ISA_USAGE = YES_ERROR;
				CLANG_WARN_DOCUMENTATION_COMMENTS = YES;
				CLANG_WARN_EMPTY_BODY = YES;
				CLANG_WARN_ENUM_CONVERSION = YES;
				CLANG_WARN_INFINITE_RECURSION = YES;
				CLANG_WARN_INT_CONVERSION = YES;
				CLANG_WARN_NON_LITERAL_NULL_CONVERSION = YES;
				CLANG_WARN_OBJC_IMPLICIT_RETAIN_SELF = YES;
				CLANG_WARN_OBJC_LITERAL_CONVERSION = YES;
				CLANG_WARN_OBJC_ROOT_CLASS = YES_ERROR;
				CLANG_WARN_QUOTED_INCLUDE_IN_FRAMEWORK_HEADER = YES;
				CLANG_WARN_RANGE_LOOP_ANALYSIS = YES;
				CLANG_WARN_STRICT_PROTOTYPES = YES;
				CLANG_WARN_SUSPICIOUS_MOVE = YES;
				CLANG_WARN_UNGUARDED_AVAILABILITY = YES_AGGRESSIVE;
				CLANG_WARN_UNREACHABLE_CODE = YES;
				CLANG_WARN__DUPLICATE_METHOD_MATCH = YES;
				COPY_PHASE_STRIP = NO;
				DEBUG_INFORMATION_FORMAT = dwarf;
				ENABLE_STRICT_OBJC_MSGSEND = YES;
				ENABLE_TESTABILITY = YES;
				GCC_C_LANGUAGE_STANDARD = gnu11;
				GCC_DYNAMIC_NO_PIC = NO;
				GCC_NO_COMMON_BLOCKS = YES;
				GCC_OPTIMIZATION_LEVEL = 0;
				GCC_PREPROCESSOR_DEFINITIONS = (
					"DEBUG=1",
					"$(inherited)",
				);
				GCC_WARN_64_TO_32_BIT_CONVERSION = YES;
				GCC_WARN_ABOUT_RETURN_TYPE = YES_ERROR;
				GCC_WARN_UNDECLARED_SELECTOR = YES;
				GCC_WARN_UNINITIALIZED_AUTOS = YES_AGGRESSIVE;
				GCC_WARN_UNUSED_FUNCTION = YES;
				GCC_WARN_UNUSED_VARIABLE = YES;
				IPHONEOS_DEPLOYMENT_TARGET = 14.4;
				MTL_ENABLE_DEBUG_INFO = INCLUDE_SOURCE;
				MTL_FAST_MATH = YES;
				ONLY_ACTIVE_ARCH = YES;
				SDKROOT = iphoneos;
				SWIFT_ACTIVE_COMPILATION_CONDITIONS = DEBUG;
				SWIFT_OPTIMIZATION_LEVEL = "-Onone";
			};
			name = Debug;
		};
		EDD2900525F2E7BD00917B50 /* Release */ = {
			isa = XCBuildConfiguration;
			buildSettings = {
				ALWAYS_SEARCH_USER_PATHS = NO;
				CLANG_ANALYZER_NONNULL = YES;
				CLANG_ANALYZER_NUMBER_OBJECT_CONVERSION = YES_AGGRESSIVE;
				CLANG_CXX_LANGUAGE_STANDARD = "gnu++14";
				CLANG_CXX_LIBRARY = "libc++";
				CLANG_ENABLE_MODULES = YES;
				CLANG_ENABLE_OBJC_ARC = YES;
				CLANG_ENABLE_OBJC_WEAK = YES;
				CLANG_WARN_BLOCK_CAPTURE_AUTORELEASING = YES;
				CLANG_WARN_BOOL_CONVERSION = YES;
				CLANG_WARN_COMMA = YES;
				CLANG_WARN_CONSTANT_CONVERSION = YES;
				CLANG_WARN_DEPRECATED_OBJC_IMPLEMENTATIONS = YES;
				CLANG_WARN_DIRECT_OBJC_ISA_USAGE = YES_ERROR;
				CLANG_WARN_DOCUMENTATION_COMMENTS = YES;
				CLANG_WARN_EMPTY_BODY = YES;
				CLANG_WARN_ENUM_CONVERSION = YES;
				CLANG_WARN_INFINITE_RECURSION = YES;
				CLANG_WARN_INT_CONVERSION = YES;
				CLANG_WARN_NON_LITERAL_NULL_CONVERSION = YES;
				CLANG_WARN_OBJC_IMPLICIT_RETAIN_SELF = YES;
				CLANG_WARN_OBJC_LITERAL_CONVERSION = YES;
				CLANG_WARN_OBJC_ROOT_CLASS = YES_ERROR;
				CLANG_WARN_QUOTED_INCLUDE_IN_FRAMEWORK_HEADER = YES;
				CLANG_WARN_RANGE_LOOP_ANALYSIS = YES;
				CLANG_WARN_STRICT_PROTOTYPES = YES;
				CLANG_WARN_SUSPICIOUS_MOVE = YES;
				CLANG_WARN_UNGUARDED_AVAILABILITY = YES_AGGRESSIVE;
				CLANG_WARN_UNREACHABLE_CODE = YES;
				CLANG_WARN__DUPLICATE_METHOD_MATCH = YES;
				COPY_PHASE_STRIP = NO;
				DEBUG_INFORMATION_FORMAT = "dwarf-with-dsym";
				ENABLE_NS_ASSERTIONS = NO;
				ENABLE_STRICT_OBJC_MSGSEND = YES;
				GCC_C_LANGUAGE_STANDARD = gnu11;
				GCC_NO_COMMON_BLOCKS = YES;
				GCC_WARN_64_TO_32_BIT_CONVERSION = YES;
				GCC_WARN_ABOUT_RETURN_TYPE = YES_ERROR;
				GCC_WARN_UNDECLARED_SELECTOR = YES;
				GCC_WARN_UNINITIALIZED_AUTOS = YES_AGGRESSIVE;
				GCC_WARN_UNUSED_FUNCTION = YES;
				GCC_WARN_UNUSED_VARIABLE = YES;
				IPHONEOS_DEPLOYMENT_TARGET = 14.4;
				MTL_ENABLE_DEBUG_INFO = NO;
				MTL_FAST_MATH = YES;
				SDKROOT = iphoneos;
				SWIFT_COMPILATION_MODE = wholemodule;
				SWIFT_OPTIMIZATION_LEVEL = "-O";
				VALIDATE_PRODUCT = YES;
			};
			name = Release;
		};
		EDD2900725F2E7BD00917B50 /* Debug */ = {
			isa = XCBuildConfiguration;
			buildSettings = {
				ASSETCATALOG_COMPILER_APPICON_NAME = AppIcon;
				ASSETCATALOG_COMPILER_GLOBAL_ACCENT_COLOR_NAME = AccentColor;
				CODE_SIGN_STYLE = Automatic;
				DEVELOPMENT_ASSET_PATHS = "\"Bombus/Preview Content\"";
				DEVELOPMENT_TEAM = 4CR77PCW63;
				ENABLE_PREVIEWS = YES;
				INFOPLIST_FILE = Bombus/Info.plist;
				IPHONEOS_DEPLOYMENT_TARGET = 14.0;
				LD_RUNPATH_SEARCH_PATHS = (
					"$(inherited)",
					"@executable_path/Frameworks",
				);
				PRODUCT_BUNDLE_IDENTIFIER = com.bombusapp.Bombus;
				PRODUCT_NAME = "$(TARGET_NAME)";
				SWIFT_VERSION = 5.0;
				TARGETED_DEVICE_FAMILY = "1,2";
			};
			name = Debug;
		};
		EDD2900825F2E7BD00917B50 /* Release */ = {
			isa = XCBuildConfiguration;
			buildSettings = {
				ASSETCATALOG_COMPILER_APPICON_NAME = AppIcon;
				ASSETCATALOG_COMPILER_GLOBAL_ACCENT_COLOR_NAME = AccentColor;
				CODE_SIGN_STYLE = Automatic;
				DEVELOPMENT_ASSET_PATHS = "\"Bombus/Preview Content\"";
				DEVELOPMENT_TEAM = 4CR77PCW63;
				ENABLE_PREVIEWS = YES;
				INFOPLIST_FILE = Bombus/Info.plist;
				IPHONEOS_DEPLOYMENT_TARGET = 14.0;
				LD_RUNPATH_SEARCH_PATHS = (
					"$(inherited)",
					"@executable_path/Frameworks",
				);
				PRODUCT_BUNDLE_IDENTIFIER = com.bombusapp.Bombus;
				PRODUCT_NAME = "$(TARGET_NAME)";
				SWIFT_VERSION = 5.0;
				TARGETED_DEVICE_FAMILY = "1,2";
			};
			name = Release;
		};
		EDD2900A25F2E7BD00917B50 /* Debug */ = {
			isa = XCBuildConfiguration;
			buildSettings = {
				ALWAYS_EMBED_SWIFT_STANDARD_LIBRARIES = YES;
				BUNDLE_LOADER = "$(TEST_HOST)";
				CODE_SIGN_STYLE = Automatic;
				DEVELOPMENT_TEAM = 4CR77PCW63;
				INFOPLIST_FILE = BombusTests/Info.plist;
				IPHONEOS_DEPLOYMENT_TARGET = 14.0;
				LD_RUNPATH_SEARCH_PATHS = (
					"$(inherited)",
					"@executable_path/Frameworks",
					"@loader_path/Frameworks",
				);
				PRODUCT_BUNDLE_IDENTIFIER = com.bombusapp.BombusTests;
				PRODUCT_NAME = "$(TARGET_NAME)";
				SWIFT_VERSION = 5.0;
				TARGETED_DEVICE_FAMILY = "1,2";
				TEST_HOST = "$(BUILT_PRODUCTS_DIR)/Bombus.app/Bombus";
			};
			name = Debug;
		};
		EDD2900B25F2E7BD00917B50 /* Release */ = {
			isa = XCBuildConfiguration;
			buildSettings = {
				ALWAYS_EMBED_SWIFT_STANDARD_LIBRARIES = YES;
				BUNDLE_LOADER = "$(TEST_HOST)";
				CODE_SIGN_STYLE = Automatic;
				DEVELOPMENT_TEAM = 4CR77PCW63;
				INFOPLIST_FILE = BombusTests/Info.plist;
				IPHONEOS_DEPLOYMENT_TARGET = 14.0;
				LD_RUNPATH_SEARCH_PATHS = (
					"$(inherited)",
					"@executable_path/Frameworks",
					"@loader_path/Frameworks",
				);
				PRODUCT_BUNDLE_IDENTIFIER = com.bombusapp.BombusTests;
				PRODUCT_NAME = "$(TARGET_NAME)";
				SWIFT_VERSION = 5.0;
				TARGETED_DEVICE_FAMILY = "1,2";
				TEST_HOST = "$(BUILT_PRODUCTS_DIR)/Bombus.app/Bombus";
			};
			name = Release;
		};
		EDD2900D25F2E7BD00917B50 /* Debug */ = {
			isa = XCBuildConfiguration;
			buildSettings = {
				ALWAYS_EMBED_SWIFT_STANDARD_LIBRARIES = YES;
				CODE_SIGN_STYLE = Automatic;
				DEVELOPMENT_TEAM = 4CR77PCW63;
				INFOPLIST_FILE = BombusUITests/Info.plist;
				LD_RUNPATH_SEARCH_PATHS = (
					"$(inherited)",
					"@executable_path/Frameworks",
					"@loader_path/Frameworks",
				);
				PRODUCT_BUNDLE_IDENTIFIER = com.bombusapp.BombusUITests;
				PRODUCT_NAME = "$(TARGET_NAME)";
				SWIFT_VERSION = 5.0;
				TARGETED_DEVICE_FAMILY = "1,2";
				TEST_TARGET_NAME = Bombus;
			};
			name = Debug;
		};
		EDD2900E25F2E7BD00917B50 /* Release */ = {
			isa = XCBuildConfiguration;
			buildSettings = {
				ALWAYS_EMBED_SWIFT_STANDARD_LIBRARIES = YES;
				CODE_SIGN_STYLE = Automatic;
				DEVELOPMENT_TEAM = 4CR77PCW63;
				INFOPLIST_FILE = BombusUITests/Info.plist;
				LD_RUNPATH_SEARCH_PATHS = (
					"$(inherited)",
					"@executable_path/Frameworks",
					"@loader_path/Frameworks",
				);
				PRODUCT_BUNDLE_IDENTIFIER = com.bombusapp.BombusUITests;
				PRODUCT_NAME = "$(TARGET_NAME)";
				SWIFT_VERSION = 5.0;
				TARGETED_DEVICE_FAMILY = "1,2";
				TEST_TARGET_NAME = Bombus;
			};
			name = Release;
		};
/* End XCBuildConfiguration section */

/* Begin XCConfigurationList section */
		EDD28FD725F2E7BB00917B50 /* Build configuration list for PBXProject "Bombus" */ = {
			isa = XCConfigurationList;
			buildConfigurations = (
				EDD2900425F2E7BD00917B50 /* Debug */,
				EDD2900525F2E7BD00917B50 /* Release */,
			);
			defaultConfigurationIsVisible = 0;
			defaultConfigurationName = Release;
		};
		EDD2900625F2E7BD00917B50 /* Build configuration list for PBXNativeTarget "Bombus" */ = {
			isa = XCConfigurationList;
			buildConfigurations = (
				EDD2900725F2E7BD00917B50 /* Debug */,
				EDD2900825F2E7BD00917B50 /* Release */,
			);
			defaultConfigurationIsVisible = 0;
			defaultConfigurationName = Release;
		};
		EDD2900925F2E7BD00917B50 /* Build configuration list for PBXNativeTarget "BombusTests" */ = {
			isa = XCConfigurationList;
			buildConfigurations = (
				EDD2900A25F2E7BD00917B50 /* Debug */,
				EDD2900B25F2E7BD00917B50 /* Release */,
			);
			defaultConfigurationIsVisible = 0;
			defaultConfigurationName = Release;
		};
		EDD2900C25F2E7BD00917B50 /* Build configuration list for PBXNativeTarget "BombusUITests" */ = {
			isa = XCConfigurationList;
			buildConfigurations = (
				EDD2900D25F2E7BD00917B50 /* Debug */,
				EDD2900E25F2E7BD00917B50 /* Release */,
			);
			defaultConfigurationIsVisible = 0;
			defaultConfigurationName = Release;
		};
/* End XCConfigurationList section */

/* Begin XCVersionGroup section */
		EDD28FEA25F2E7BC00917B50 /* Bombus.xcdatamodeld */ = {
			isa = XCVersionGroup;
			children = (
				EDD28FEB25F2E7BC00917B50 /* Bombus.xcdatamodel */,
			);
			currentVersion = EDD28FEB25F2E7BC00917B50 /* Bombus.xcdatamodel */;
			path = Bombus.xcdatamodeld;
			sourceTree = "<group>";
			versionGroupType = wrapper.xcdatamodel;
		};
/* End XCVersionGroup section */
	};
	rootObject = EDD28FD425F2E7BB00917B50 /* Project object */;
}
